set_global_assignment -name ORIGINAL_QUARTUS_VERSION 15.1.0
set_global_assignment -name LAST_QUARTUS_VERSION 15.1.0

set_global_assignment -name SMART_RECOMPILE ON
set_global_assignment -name PROJECT_OUTPUT_DIRECTORY output_files

source pin_assignment_DE0_Nano_SoC.tcl

set_global_assignment -name TOP_LEVEL_ENTITY lab1
set_global_assignment -name VHDL_FILE ../hdl/DE0_Nano_SoC_top_level.vhd
